
Microsoft Visual Studio Solution File, Format Version 12.00
# Visual Studio Version 17
VisualStudioVersion = 17.0.31903.59
MinimumVisualStudioVersion = 10.0.40219.1
Project("{2150E333-8FDC-42A3-9474-1A3956D46DE8}") = "src", "src", "{17A5993B-C32A-48A3-AC22-BA568F0BFB10}"
EndProject
Project("{FAE04EC0-301F-11D3-BF4B-00C04F79EFBC}") = "MeetMemo.Contracts", "src\MeetMemo.Contracts\MeetMemo.Contracts.csproj", "{5708145F-DE80-47EA-B01E-BD99E89E9195}"
EndProject
Project("{FAE04EC0-301F-11D3-BF4B-00C04F79EFBC}") = "MeetMemo.Core", "src\MeetMemo.Core\MeetMemo.Core.csproj", "{12A41026-D89B-439E-84C0-8DA706976C80}"
EndProject
Project("{FAE04EC0-301F-11D3-BF4B-00C04F79EFBC}") = "MeetMemo.Storage", "src\MeetMemo.Storage\MeetMemo.Storage.csproj", "{B2DD01E7-CEAE-4829-84AC-ED3F702F0C6C}"
EndProject
Project("{FAE04EC0-301F-11D3-BF4B-00C04F79EFBC}") = "MeetMemo.Audio", "src\MeetMemo.Audio\MeetMemo.Audio.csproj", "{084094BF-5D30-473D-946C-027343CB05FE}"
EndProject
Project("{FAE04EC0-301F-11D3-BF4B-00C04F79EFBC}") = "MeetMemo.Asr", "src\MeetMemo.Asr\MeetMemo.Asr.csproj", "{37648F2E-F320-4D10-8571-8A06A9D612E7}"
EndProject
Project("{2150E333-8FDC-42A3-9474-1A3956D46DE8}") = "tools", "tools", "{D0782DD5-27EB-4290-AD56-699438F43683}"
EndProject
Project("{FAE04EC0-301F-11D3-BF4B-00C04F79EFBC}") = "AsrSmoke", "tools\AsrSmoke\AsrSmoke.csproj", "{75793B9C-5DD7-44A3-8951-66AB5DFFA976}"
EndProject
Project("{FAE04EC0-301F-11D3-BF4B-00C04F79EFBC}") = "MeetMemo.Capture", "src\MeetMemo.Capture\MeetMemo.Capture.csproj", "{80146104-B7E0-439E-BDB1-D1862C496E48}"
EndProject
Project("{FAE04EC0-301F-11D3-BF4B-00C04F79EFBC}") = "MeetMemo.Export", "src\MeetMemo.Export\MeetMemo.Export.csproj", "{65FB3FFC-667E-4A4E-81FF-92ED6377F353}"
EndProject
Project("{FAE04EC0-301F-11D3-BF4B-00C04F79EFBC}") = "MeetMemo.App", "src\MeetMemo.App\MeetMemo.App.csproj", "{C98700F3-E96C-4D75-9868-362F0AC0B5A9}"
EndProject
Project("{2150E333-8FDC-42A3-9474-1A3956D46DE8}") = "tests", "tests", "{10919F4D-CEF3-4AD9-A39A-A0AA900C0FC9}"
EndProject
Project("{FAE04EC0-301F-11D3-BF4B-00C04F79EFBC}") = "MeetMemo.Tests", "tests\MeetMemo.Tests\MeetMemo.Tests.csproj", "{95DE60CE-BC7D-4FE6-B341-0568193AE2EF}"
EndProject
Project("{FAE04EC0-301F-11D3-BF4B-00C04F79EFBC}") = "E2ESmoke", "tools\E2ESmoke\E2ESmoke.csproj", "{BEAD9156-E758-4B10-88E7-A4CDA1437E94}"
EndProject
Project("{FAE04EC0-301F-11D3-BF4B-00C04F79EFBC}") = "MicCheck", "tools\MicCheck\MicCheck.csproj", "{B63C9A93-A52C-499B-87A8-27BE2AD07874}"
EndProject
Project("{FAE04EC0-301F-11D3-BF4B-00C04F79EFBC}") = "WindowCheck", "tools\WindowCheck\WindowCheck.csproj", "{CDEE94C0-44EC-469B-A216-A4B86E17086F}"
EndProject
Global
	GlobalSection(SolutionConfigurationPlatforms) = preSolution
		Debug|Any CPU = Debug|Any CPU
		Release|Any CPU = Release|Any CPU
	EndGlobalSection
	GlobalSection(SolutionProperties) = preSolution
		HideSolutionNode = FALSE
	EndGlobalSection
	GlobalSection(ProjectConfigurationPlatforms) = postSolution
		{5708145F-DE80-47EA-B01E-BD99E89E9195}.Debug|Any CPU.ActiveCfg = Debug|Any CPU
		{5708145F-DE80-47EA-B01E-BD99E89E9195}.Debug|Any CPU.Build.0 = Debug|Any CPU
		{5708145F-DE80-47EA-B01E-BD99E89E9195}.Release|Any CPU.ActiveCfg = Release|Any CPU
		{5708145F-DE80-47EA-B01E-BD99E89E9195}.Release|Any CPU.Build.0 = Release|Any CPU
		{12A41026-D89B-439E-84C0-8DA706976C80}.Debug|Any CPU.ActiveCfg = Debug|Any CPU
		{12A41026-D89B-439E-84C0-8DA706976C80}.Debug|Any CPU.Build.0 = Debug|Any CPU
		{12A41026-D89B-439E-84C0-8DA706976C80}.Release|Any CPU.ActiveCfg = Release|Any CPU
		{12A41026-D89B-439E-84C0-8DA706976C80}.Release|Any CPU.Build.0 = Release|Any CPU
		{B2DD01E7-CEAE-4829-84AC-ED3F702F0C6C}.Debug|Any CPU.ActiveCfg = Debug|Any CPU
		{B2DD01E7-CEAE-4829-84AC-ED3F702F0C6C}.Debug|Any CPU.Build.0 = Debug|Any CPU
		{B2DD01E7-CEAE-4829-84AC-ED3F702F0C6C}.Release|Any CPU.ActiveCfg = Release|Any CPU
		{B2DD01E7-CEAE-4829-84AC-ED3F702F0C6C}.Release|Any CPU.Build.0 = Release|Any CPU
		{084094BF-5D30-473D-946C-027343CB05FE}.Debug|Any CPU.ActiveCfg = Debug|Any CPU
		{084094BF-5D30-473D-946C-027343CB05FE}.Debug|Any CPU.Build.0 = Debug|Any CPU
		{084094BF-5D30-473D-946C-027343CB05FE}.Release|Any CPU.ActiveCfg = Release|Any CPU
		{084094BF-5D30-473D-946C-027343CB05FE}.Release|Any CPU.Build.0 = Release|Any CPU
		{37648F2E-F320-4D10-8571-8A06A9D612E7}.Debug|Any CPU.ActiveCfg = Debug|Any CPU
		{37648F2E-F320-4D10-8571-8A06A9D612E7}.Debug|Any CPU.Build.0 = Debug|Any CPU
		{37648F2E-F320-4D10-8571-8A06A9D612E7}.Release|Any CPU.ActiveCfg = Release|Any CPU
		{37648F2E-F320-4D10-8571-8A06A9D612E7}.Release|Any CPU.Build.0 = Release|Any CPU
		{75793B9C-5DD7-44A3-8951-66AB5DFFA976}.Debug|Any CPU.ActiveCfg = Debug|Any CPU
		{75793B9C-5DD7-44A3-8951-66AB5DFFA976}.Debug|Any CPU.Build.0 = Debug|Any CPU
		{75793B9C-5DD7-44A3-8951-66AB5DFFA976}.Release|Any CPU.ActiveCfg = Release|Any CPU
		{75793B9C-5DD7-44A3-8951-66AB5DFFA976}.Release|Any CPU.Build.0 = Release|Any CPU
		{80146104-B7E0-439E-BDB1-D1862C496E48}.Debug|Any CPU.ActiveCfg = Debug|Any CPU
		{80146104-B7E0-439E-BDB1-D1862C496E48}.Debug|Any CPU.Build.0 = Debug|Any CPU
		{80146104-B7E0-439E-BDB1-D1862C496E48}.Release|Any CPU.ActiveCfg = Release|Any CPU
		{80146104-B7E0-439E-BDB1-D1862C496E48}.Release|Any CPU.Build.0 = Release|Any CPU
		{65FB3FFC-667E-4A4E-81FF-92ED6377F353}.Debug|Any CPU.ActiveCfg = Debug|Any CPU
		{65FB3FFC-667E-4A4E-81FF-92ED6377F353}.Debug|Any CPU.Build.0 = Debug|Any CPU
		{65FB3FFC-667E-4A4E-81FF-92ED6377F353}.Release|Any CPU.ActiveCfg = Release|Any CPU
		{65FB3FFC-667E-4A4E-81FF-92ED6377F353}.Release|Any CPU.Build.0 = Release|Any CPU
		{C98700F3-E96C-4D75-9868-362F0AC0B5A9}.Debug|Any CPU.ActiveCfg = Debug|Any CPU
		{C98700F3-E96C-4D75-9868-362F0AC0B5A9}.Debug|Any CPU.Build.0 = Debug|Any CPU
		{C98700F3-E96C-4D75-9868-362F0AC0B5A9}.Release|Any CPU.ActiveCfg = Release|Any CPU
		{C98700F3-E96C-4D75-9868-362F0AC0B5A9}.Release|Any CPU.Build.0 = Release|Any CPU
		{95DE60CE-BC7D-4FE6-B341-0568193AE2EF}.Debug|Any CPU.ActiveCfg = Debug|Any CPU
		{95DE60CE-BC7D-4FE6-B341-0568193AE2EF}.Debug|Any CPU.Build.0 = Debug|Any CPU
		{95DE60CE-BC7D-4FE6-B341-0568193AE2EF}.Release|Any CPU.ActiveCfg = Release|Any CPU
		{95DE60CE-BC7D-4FE6-B341-0568193AE2EF}.Release|Any CPU.Build.0 = Release|Any CPU
		{BEAD9156-E758-4B10-88E7-A4CDA1437E94}.Debug|Any CPU.ActiveCfg = Debug|Any CPU
		{BEAD9156-E758-4B10-88E7-A4CDA1437E94}.Debug|Any CPU.Build.0 = Debug|Any CPU
		{BEAD9156-E758-4B10-88E7-A4CDA1437E94}.Release|Any CPU.ActiveCfg = Release|Any CPU
		{BEAD9156-E758-4B10-88E7-A4CDA1437E94}.Release|Any CPU.Build.0 = Release|Any CPU
		{B63C9A93-A52C-499B-87A8-27BE2AD07874}.Debug|Any CPU.ActiveCfg = Debug|Any CPU
		{B63C9A93-A52C-499B-87A8-27BE2AD07874}.Debug|Any CPU.Build.0 = Debug|Any CPU
		{B63C9A93-A52C-499B-87A8-27BE2AD07874}.Release|Any CPU.ActiveCfg = Release|Any CPU
		{B63C9A93-A52C-499B-87A8-27BE2AD07874}.Release|Any CPU.Build.0 = Release|Any CPU
		{CDEE94C0-44EC-469B-A216-A4B86E17086F}.Debug|Any CPU.ActiveCfg = Debug|Any CPU
		{CDEE94C0-44EC-469B-A216-A4B86E17086F}.Debug|Any CPU.Build.0 = Debug|Any CPU
		{CDEE94C0-44EC-469B-A216-A4B86E17086F}.Release|Any CPU.ActiveCfg = Release|Any CPU
		{CDEE94C0-44EC-469B-A216-A4B86E17086F}.Release|Any CPU.Build.0 = Release|Any CPU
	EndGlobalSection
	GlobalSection(NestedProjects) = preSolution
		{5708145F-DE80-47EA-B01E-BD99E89E9195} = {17A5993B-C32A-48A3-AC22-BA568F0BFB10}
		{12A41026-D89B-439E-84C0-8DA706976C80} = {17A5993B-C32A-48A3-AC22-BA568F0BFB10}
		{B2DD01E7-CEAE-4829-84AC-ED3F702F0C6C} = {17A5993B-C32A-48A3-AC22-BA568F0BFB10}
		{084094BF-5D30-473D-946C-027343CB05FE} = {17A5993B-C32A-48A3-AC22-BA568F0BFB10}
		{37648F2E-F320-4D10-8571-8A06A9D612E7} = {17A5993B-C32A-48A3-AC22-BA568F0BFB10}
		{75793B9C-5DD7-44A3-8951-66AB5DFFA976} = {D0782DD5-27EB-4290-AD56-699438F43683}
		{80146104-B7E0-439E-BDB1-D1862C496E48} = {17A5993B-C32A-48A3-AC22-BA568F0BFB10}
		{65FB3FFC-667E-4A4E-81FF-92ED6377F353} = {17A5993B-C32A-48A3-AC22-BA568F0BFB10}
		{C98700F3-E96C-4D75-9868-362F0AC0B5A9} = {17A5993B-C32A-48A3-AC22-BA568F0BFB10}
		{95DE60CE-BC7D-4FE6-B341-0568193AE2EF} = {10919F4D-CEF3-4AD9-A39A-A0AA900C0FC9}
		{BEAD9156-E758-4B10-88E7-A4CDA1437E94} = {D0782DD5-27EB-4290-AD56-699438F43683}
		{B63C9A93-A52C-499B-87A8-27BE2AD07874} = {D0782DD5-27EB-4290-AD56-699438F43683}
		{CDEE94C0-44EC-469B-A216-A4B86E17086F} = {D0782DD5-27EB-4290-AD56-699438F43683}
	EndGlobalSection
EndGlobal
